
Microsoft Visual Studio Solution File, Format Version 12.00
# Visual Studio Version 17
VisualStudioVersion = 17.14.37111.16 d17.14
MinimumVisualStudioVersion = 10.0.40219.1
Project("{FAE04EC0-301F-11D3-BF4B-00C04F79EFBC}") = "BancoExceptions", "BancoExceptions.csproj", "{CED49DF3-3FDA-4528-B953-89D049B03A89}"
EndProject
Global
	GlobalSection(SolutionConfigurationPlatforms) = preSolution
		Debug|Any CPU = Debug|Any CPU
		Release|Any CPU = Release|Any CPU
	EndGlobalSection
	GlobalSection(ProjectConfigurationPlatforms) = postSolution
		{CED49DF3-3FDA-4528-B953-89D049B03A89}.Debug|Any CPU.ActiveCfg = Debug|Any CPU
		{CED49DF3-3FDA-4528-B953-89D049B03A89}.Debug|Any CPU.Build.0 = Debug|Any CPU
		{CED49DF3-3FDA-4528-B953-89D049B03A89}.Release|Any CPU.ActiveCfg = Release|Any CPU
		{CED49DF3-3FDA-4528-B953-89D049B03A89}.Release|Any CPU.Build.0 = Release|Any CPU
	EndGlobalSection
	GlobalSection(SolutionProperties) = preSolution
		HideSolutionNode = FALSE
	EndGlobalSection
	GlobalSection(ExtensibilityGlobals) = postSolution
		SolutionGuid = {FCD71138-D2C3-40A5-BEF8-B45CAE213174}
	EndGlobalSection
EndGlobal
